Microsoft Visual Studio Solution File, Format Version 12.00
# Visual Studio 2012
Project("{FAE04EC0-301F-11D3-BF4B-00C04F79EFBC}") = "BloodFever", "BloodFever.csproj", "{4DF9DF58-091A-432E-BF1E-4A28DC8BDD43}"
EndProject
Global
	GlobalSection(SolutionConfigurationPlatforms) = preSolution
	Debug|Any CPU = Debug|Any CPU
	ExportDebug|Any CPU = ExportDebug|Any CPU
	ExportRelease|Any CPU = ExportRelease|Any CPU
	EndGlobalSection
	GlobalSection(ProjectConfigurationPlatforms) = postSolution
		{4DF9DF58-091A-432E-BF1E-4A28DC8BDD43}.Debug|Any CPU.ActiveCfg = Debug|Any CPU
		{4DF9DF58-091A-432E-BF1E-4A28DC8BDD43}.Debug|Any CPU.Build.0 = Debug|Any CPU
		{4DF9DF58-091A-432E-BF1E-4A28DC8BDD43}.ExportDebug|Any CPU.ActiveCfg = ExportDebug|Any CPU
		{4DF9DF58-091A-432E-BF1E-4A28DC8BDD43}.ExportDebug|Any CPU.Build.0 = ExportDebug|Any CPU
		{4DF9DF58-091A-432E-BF1E-4A28DC8BDD43}.ExportRelease|Any CPU.ActiveCfg = ExportRelease|Any CPU
		{4DF9DF58-091A-432E-BF1E-4A28DC8BDD43}.ExportRelease|Any CPU.Build.0 = ExportRelease|Any CPU
	EndGlobalSection
EndGlobal
