Microsoft Visual Studio Solution File, Format Version 12.00
# Visual Studio 2012
Project("{F2A71F9B-5D33-465A-A702-920D77279786}") = "BloodFeverFs", "BloodFeverFs.fsproj", "{6FC76146-BCCC-40BD-BD5E-4789A2B66665}"
EndProject
Project("{FAE04EC0-301F-11D3-BF4B-00C04F79EFBC}") = "BloodFever", "BloodFever.csproj", "{4DF9DF58-091A-432E-BF1E-4A28DC8BDD43}"
EndProject
Global
	GlobalSection(SolutionConfigurationPlatforms) = preSolution
		Debug|Any CPU = Debug|Any CPU
		ExportDebug|Any CPU = ExportDebug|Any CPU
		ExportRelease|Any CPU = ExportRelease|Any CPU
	EndGlobalSection
	GlobalSection(ProjectConfigurationPlatforms) = postSolution
		{4DF9DF58-091A-432E-BF1E-4A28DC8BDD43}.Debug|Any CPU.ActiveCfg = Debug|Any CPU
		{4DF9DF58-091A-432E-BF1E-4A28DC8BDD43}.Debug|Any CPU.Build.0 = Debug|Any CPU
		{4DF9DF58-091A-432E-BF1E-4A28DC8BDD43}.ExportDebug|Any CPU.ActiveCfg = ExportDebug|Any CPU
		{4DF9DF58-091A-432E-BF1E-4A28DC8BDD43}.ExportDebug|Any CPU.Build.0 = ExportDebug|Any CPU
		{4DF9DF58-091A-432E-BF1E-4A28DC8BDD43}.ExportRelease|Any CPU.ActiveCfg = ExportRelease|Any CPU
		{4DF9DF58-091A-432E-BF1E-4A28DC8BDD43}.ExportRelease|Any CPU.Build.0 = ExportRelease|Any CPU
		{6FC76146-BCCC-40BD-BD5E-4789A2B66665}.Debug|Any CPU.ActiveCfg = Debug|Any CPU
		{6FC76146-BCCC-40BD-BD5E-4789A2B66665}.Debug|Any CPU.Build.0 = Debug|Any CPU
		{6FC76146-BCCC-40BD-BD5E-4789A2B66665}.ExportDebug|Any CPU.ActiveCfg = Debug|Any CPU
		{6FC76146-BCCC-40BD-BD5E-4789A2B66665}.ExportDebug|Any CPU.Build.0 = Debug|Any CPU
		{6FC76146-BCCC-40BD-BD5E-4789A2B66665}.ExportRelease|Any CPU.ActiveCfg = Debug|Any CPU
		{6FC76146-BCCC-40BD-BD5E-4789A2B66665}.ExportRelease|Any CPU.Build.0 = Debug|Any CPU
	EndGlobalSection
EndGlobal
